// !$*UTF8*$!
{
	archiveVersion = 1;
	classes = {
	};
	objectVersion = 46;
	objects = {

/* Begin PBXBuildFile section */
		3F01416B1B6842E10026FE42 /* AteWrapper.m in Sources */ = {isa = PBXBuildFile; fileRef = 3F01416A1B6842E10026FE42 /* AteWrapper.m */; };
		3F07C2B41B45ADC0006230C1 /* user1.png in Resources */ = {isa = PBXBuildFile; fileRef = 3F07C2B31B45ADC0006230C1 /* user1.png */; };
		3F07C2B61B45B014006230C1 /* mexico_640.png in Resources */ = {isa = PBXBuildFile; fileRef = 3F07C2B51B45B014006230C1 /* mexico_640.png */; };
		3F07C2BA1B45B19C006230C1 /* ElectionDetailViewController.m in Sources */ = {isa = PBXBuildFile; fileRef = 3F07C2B91B45B19C006230C1 /* ElectionDetailViewController.m */; };
		3F07C2BF1B45B2BE006230C1 /* CandidateDetailCell.m in Sources */ = {isa = PBXBuildFile; fileRef = 3F07C2BE1B45B2BE006230C1 /* CandidateDetailCell.m */; };
		3F58D60A1B44856900E2189C /* ElectionDetailCell.m in Sources */ = {isa = PBXBuildFile; fileRef = 3F58D6091B44856900E2189C /* ElectionDetailCell.m */; };
		3F61461D1B4321B400FB43EB /* VotingViewController.m in Sources */ = {isa = PBXBuildFile; fileRef = 3F61461C1B4321B400FB43EB /* VotingViewController.m */; };
		3F6146201B4324F100FB43EB /* ToastView.m in Sources */ = {isa = PBXBuildFile; fileRef = 3F61461F1B4324F100FB43EB /* ToastView.m */; };
		3F6146231B4327E700FB43EB /* Main.storyboard in Resources */ = {isa = PBXBuildFile; fileRef = 3F6146211B4327E700FB43EB /* Main.storyboard */; };
		3F62C2211B6821EC00F572BD /* GMPInt.m in Sources */ = {isa = PBXBuildFile; fileRef = 3F62C2201B6821EC00F572BD /* GMPInt.m */; };
		3F62C2311B68222700F572BD /* libgmp.a in Frameworks */ = {isa = PBXBuildFile; fileRef = 3F62C22B1B68222700F572BD /* libgmp.a */; };
		3F62C2321B68222700F572BD /* libgmpxx.a in Frameworks */ = {isa = PBXBuildFile; fileRef = 3F62C22C1B68222700F572BD /* libgmpxx.a */; };
		3F62C2331B68222700F572BD /* libAte.a in Frameworks */ = {isa = PBXBuildFile; fileRef = 3F62C22D1B68222700F572BD /* libAte.a */; };
		3FB108FA1B41F9B20077B05E /* main.m in Sources */ = {isa = PBXBuildFile; fileRef = 3FB108F91B41F9B20077B05E /* main.m */; };
		3FB108FD1B41F9B20077B05E /* AppDelegate.m in Sources */ = {isa = PBXBuildFile; fileRef = 3FB108FC1B41F9B20077B05E /* AppDelegate.m */; };
		3FB109001B41F9B20077B05E /* ViewController.m in Sources */ = {isa = PBXBuildFile; fileRef = 3FB108FF1B41F9B20077B05E /* ViewController.m */; };
		3FB109051B41F9B20077B05E /* Images.xcassets in Resources */ = {isa = PBXBuildFile; fileRef = 3FB109041B41F9B20077B05E /* Images.xcassets */; };
		3FB109081B41F9B20077B05E /* LaunchScreen.xib in Resources */ = {isa = PBXBuildFile; fileRef = 3FB109061B41F9B20077B05E /* LaunchScreen.xib */; };
		3FB109141B41F9B30077B05E /* iOS_VoteTests.m in Sources */ = {isa = PBXBuildFile; fileRef = 3FB109131B41F9B30077B05E /* iOS_VoteTests.m */; };
/* End PBXBuildFile section */

/* Begin PBXContainerItemProxy section */
		3FB1090E1B41F9B30077B05E /* PBXContainerItemProxy */ = {
			isa = PBXContainerItemProxy;
			containerPortal = 3FB108EC1B41F9B20077B05E /* Project object */;
			proxyType = 1;
			remoteGlobalIDString = 3FB108F31B41F9B20077B05E;
			remoteInfo = "iOS-Vote";
		};
/* End PBXContainerItemProxy section */

/* Begin PBXFileReference section */
		3F01416A1B6842E10026FE42 /* AteWrapper.m */ = {isa = PBXFileReference; fileEncoding = 4; lastKnownFileType = sourcecode.c.objc; path = AteWrapper.m; sourceTree = "<group>"; };
		3F07C2B31B45ADC0006230C1 /* user1.png */ = {isa = PBXFileReference; lastKnownFileType = image.png; path = user1.png; sourceTree = "<group>"; };
		3F07C2B51B45B014006230C1 /* mexico_640.png */ = {isa = PBXFileReference; lastKnownFileType = image.png; path = mexico_640.png; sourceTree = "<group>"; };
		3F07C2B81B45B19C006230C1 /* ElectionDetailViewController.h */ = {isa = PBXFileReference; fileEncoding = 4; lastKnownFileType = sourcecode.c.h; path = ElectionDetailViewController.h; sourceTree = "<group>"; };
		3F07C2B91B45B19C006230C1 /* ElectionDetailViewController.m */ = {isa = PBXFileReference; fileEncoding = 4; lastKnownFileType = sourcecode.c.objc; path = ElectionDetailViewController.m; sourceTree = "<group>"; };
		3F07C2BD1B45B2BE006230C1 /* CandidateDetailCell.h */ = {isa = PBXFileReference; fileEncoding = 4; lastKnownFileType = sourcecode.c.h; path = CandidateDetailCell.h; sourceTree = "<group>"; };
		3F07C2BE1B45B2BE006230C1 /* CandidateDetailCell.m */ = {isa = PBXFileReference; fileEncoding = 4; lastKnownFileType = sourcecode.c.objc; path = CandidateDetailCell.m; sourceTree = "<group>"; };
		3F58D6081B44856900E2189C /* ElectionDetailCell.h */ = {isa = PBXFileReference; fileEncoding = 4; lastKnownFileType = sourcecode.c.h; path = ElectionDetailCell.h; sourceTree = "<group>"; };
		3F58D6091B44856900E2189C /* ElectionDetailCell.m */ = {isa = PBXFileReference; fileEncoding = 4; lastKnownFileType = sourcecode.c.objc; path = ElectionDetailCell.m; sourceTree = "<group>"; };
		3F61461B1B4321B400FB43EB /* VotingViewController.h */ = {isa = PBXFileReference; fileEncoding = 4; lastKnownFileType = sourcecode.c.h; path = VotingViewController.h; sourceTree = "<group>"; };
		3F61461C1B4321B400FB43EB /* VotingViewController.m */ = {isa = PBXFileReference; fileEncoding = 4; lastKnownFileType = sourcecode.c.objc; path = VotingViewController.m; sourceTree = "<group>"; };
		3F61461E1B4324F100FB43EB /* ToastView.h */ = {isa = PBXFileReference; fileEncoding = 4; lastKnownFileType = sourcecode.c.h; path = ToastView.h; sourceTree = "<group>"; };
		3F61461F1B4324F100FB43EB /* ToastView.m */ = {isa = PBXFileReference; fileEncoding = 4; lastKnownFileType = sourcecode.c.objc; path = ToastView.m; sourceTree = "<group>"; };
		3F6146221B4327E700FB43EB /* Base */ = {isa = PBXFileReference; lastKnownFileType = file.storyboard; name = Base; path = Base.lproj/Main.storyboard; sourceTree = "<group>"; };
		3F62C21F1B6821EC00F572BD /* GMPInt.h */ = {isa = PBXFileReference; fileEncoding = 4; lastKnownFileType = sourcecode.c.h; path = GMPInt.h; sourceTree = "<group>"; };
		3F62C2201B6821EC00F572BD /* GMPInt.m */ = {isa = PBXFileReference; fileEncoding = 4; lastKnownFileType = sourcecode.c.objc; path = GMPInt.m; sourceTree = "<group>"; };
		3F62C2291B68222700F572BD /* gmp.h */ = {isa = PBXFileReference; fileEncoding = 4; lastKnownFileType = sourcecode.c.h; path = gmp.h; sourceTree = "<group>"; };
		3F62C22A1B68222700F572BD /* gmpxx.h */ = {isa = PBXFileReference; fileEncoding = 4; lastKnownFileType = sourcecode.c.h; path = gmpxx.h; sourceTree = "<group>"; };
		3F62C22B1B68222700F572BD /* libgmp.a */ = {isa = PBXFileReference; lastKnownFileType = archive.ar; path = libgmp.a; sourceTree = "<group>"; };
		3F62C22C1B68222700F572BD /* libgmpxx.a */ = {isa = PBXFileReference; lastKnownFileType = archive.ar; path = libgmpxx.a; sourceTree = "<group>"; };
		3F62C22D1B68222700F572BD /* libAte.a */ = {isa = PBXFileReference; lastKnownFileType = archive.ar; path = libAte.a; sourceTree = "<group>"; };
		3F62C2351B68286300F572BD /* bn.h */ = {isa = PBXFileReference; fileEncoding = 4; lastKnownFileType = sourcecode.c.h; path = bn.h; sourceTree = "<group>"; };
		3F62C2361B6828BC00F572BD /* zm.h */ = {isa = PBXFileReference; fileEncoding = 4; lastKnownFileType = sourcecode.c.h; path = zm.h; sourceTree = "<group>"; };
		3F62C2371B6828BC00F572BD /* zm2.h */ = {isa = PBXFileReference; fileEncoding = 4; lastKnownFileType = sourcecode.c.h; path = zm2.h; sourceTree = "<group>"; };
		3FB108F41B41F9B20077B05E /* iOS-Vote.app */ = {isa = PBXFileReference; explicitFileType = wrapper.application; includeInIndex = 0; path = "iOS-Vote.app"; sourceTree = BUILT_PRODUCTS_DIR; };
		3FB108F81B41F9B20077B05E /* Info.plist */ = {isa = PBXFileReference; lastKnownFileType = text.plist.xml; path = Info.plist; sourceTree = "<group>"; };
		3FB108F91B41F9B20077B05E /* main.m */ = {isa = PBXFileReference; lastKnownFileType = sourcecode.c.objc; path = main.m; sourceTree = "<group>"; };
		3FB108FB1B41F9B20077B05E /* AppDelegate.h */ = {isa = PBXFileReference; lastKnownFileType = sourcecode.c.h; path = AppDelegate.h; sourceTree = "<group>"; };
		3FB108FC1B41F9B20077B05E /* AppDelegate.m */ = {isa = PBXFileReference; lastKnownFileType = sourcecode.c.objc; path = AppDelegate.m; sourceTree = "<group>"; };
		3FB108FE1B41F9B20077B05E /* ViewController.h */ = {isa = PBXFileReference; lastKnownFileType = sourcecode.c.h; path = ViewController.h; sourceTree = "<group>"; };
		3FB108FF1B41F9B20077B05E /* ViewController.m */ = {isa = PBXFileReference; lastKnownFileType = sourcecode.c.objc; path = ViewController.m; sourceTree = "<group>"; };
		3FB109041B41F9B20077B05E /* Images.xcassets */ = {isa = PBXFileReference; lastKnownFileType = folder.assetcatalog; path = Images.xcassets; sourceTree = "<group>"; };
		3FB109071B41F9B20077B05E /* Base */ = {isa = PBXFileReference; lastKnownFileType = file.xib; name = Base; path = Base.lproj/LaunchScreen.xib; sourceTree = "<group>"; };
		3FB1090D1B41F9B30077B05E /* iOS-VoteTests.xctest */ = {isa = PBXFileReference; explicitFileType = wrapper.cfbundle; includeInIndex = 0; path = "iOS-VoteTests.xctest"; sourceTree = BUILT_PRODUCTS_DIR; };
		3FB109121B41F9B30077B05E /* Info.plist */ = {isa = PBXFileReference; lastKnownFileType = text.plist.xml; path = Info.plist; sourceTree = "<group>"; };
		3FB109131B41F9B30077B05E /* iOS_VoteTests.m */ = {isa = PBXFileReference; lastKnownFileType = sourcecode.c.objc; path = iOS_VoteTests.m; sourceTree = "<group>"; };
/* End PBXFileReference section */

/* Begin PBXFrameworksBuildPhase section */
		3FB108F11B41F9B20077B05E /* Frameworks */ = {
			isa = PBXFrameworksBuildPhase;
			buildActionMask = 2147483647;
			files = (
				3F62C2331B68222700F572BD /* libAte.a in Frameworks */,
				3F62C2321B68222700F572BD /* libgmpxx.a in Frameworks */,
				3F62C2311B68222700F572BD /* libgmp.a in Frameworks */,
			);
			runOnlyForDeploymentPostprocessing = 0;
		};
		3FB1090A1B41F9B30077B05E /* Frameworks */ = {
			isa = PBXFrameworksBuildPhase;
			buildActionMask = 2147483647;
			files = (
			);
			runOnlyForDeploymentPostprocessing = 0;
		};
/* End PBXFrameworksBuildPhase section */

/* Begin PBXGroup section */
		3F07C2B21B45ADA4006230C1 /* Media */ = {
			isa = PBXGroup;
			children = (
				3F07C2B51B45B014006230C1 /* mexico_640.png */,
				3F07C2B31B45ADC0006230C1 /* user1.png */,
			);
			name = Media;
			sourceTree = "<group>";
		};
		3F07C2B71B45B139006230C1 /* Controllers */ = {
			isa = PBXGroup;
			children = (
				3F07C2B81B45B19C006230C1 /* ElectionDetailViewController.h */,
				3F07C2B91B45B19C006230C1 /* ElectionDetailViewController.m */,
				3F61461B1B4321B400FB43EB /* VotingViewController.h */,
				3F61461C1B4321B400FB43EB /* VotingViewController.m */,
				3FB108FE1B41F9B20077B05E /* ViewController.h */,
				3FB108FF1B41F9B20077B05E /* ViewController.m */,
			);
			name = Controllers;
			sourceTree = "<group>";
		};
		3F07C2BB1B45B261006230C1 /* TableCells */ = {
			isa = PBXGroup;
			children = (
				3F58D6081B44856900E2189C /* ElectionDetailCell.h */,
				3F58D6091B44856900E2189C /* ElectionDetailCell.m */,
				3F07C2BD1B45B2BE006230C1 /* CandidateDetailCell.h */,
				3F07C2BE1B45B2BE006230C1 /* CandidateDetailCell.m */,
			);
			name = TableCells;
			sourceTree = "<group>";
		};
		3F07C2BC1B45B288006230C1 /* Models */ = {
			isa = PBXGroup;
			children = (
				3F62C2201B6821EC00F572BD /* GMPInt.m */,
				3F62C21F1B6821EC00F572BD /* GMPInt.h */,
				3F01416A1B6842E10026FE42 /* AteWrapper.m */,
				3F61461E1B4324F100FB43EB /* ToastView.h */,
				3F61461F1B4324F100FB43EB /* ToastView.m */,
			);
			name = Models;
			sourceTree = "<group>";
		};
		3F62C2221B68222700F572BD /* libs */ = {
			isa = PBXGroup;
			children = (
				3F62C2341B68281200F572BD /* libAte */,
				3F62C2231B68222700F572BD /* gmp */,
			);
			path = libs;
			sourceTree = "<group>";
		};
		3F62C2231B68222700F572BD /* gmp */ = {
			isa = PBXGroup;
			children = (
				3F62C2291B68222700F572BD /* gmp.h */,
				3F62C22A1B68222700F572BD /* gmpxx.h */,
				3F62C22B1B68222700F572BD /* libgmp.a */,
				3F62C22C1B68222700F572BD /* libgmpxx.a */,
			);
			path = gmp;
			sourceTree = "<group>";
		};
		3F62C2341B68281200F572BD /* libAte */ = {
			isa = PBXGroup;
			children = (
				3F62C2361B6828BC00F572BD /* zm.h */,
				3F62C2371B6828BC00F572BD /* zm2.h */,
				3F62C2351B68286300F572BD /* bn.h */,
				3F62C22D1B68222700F572BD /* libAte.a */,
			);
			name = libAte;
			sourceTree = "<group>";
		};
		3FB108EB1B41F9B20077B05E = {
			isa = PBXGroup;
			children = (
				3FB108F61B41F9B20077B05E /* iOS-Vote */,
				3FB109101B41F9B30077B05E /* iOS-VoteTests */,
				3FB108F51B41F9B20077B05E /* Products */,
			);
			sourceTree = "<group>";
		};
		3FB108F51B41F9B20077B05E /* Products */ = {
			isa = PBXGroup;
			children = (
				3FB108F41B41F9B20077B05E /* iOS-Vote.app */,
				3FB1090D1B41F9B30077B05E /* iOS-VoteTests.xctest */,
			);
			name = Products;
			sourceTree = "<group>";
		};
		3FB108F61B41F9B20077B05E /* iOS-Vote */ = {
			isa = PBXGroup;
			children = (
				3F62C2221B68222700F572BD /* libs */,
				3F07C2BC1B45B288006230C1 /* Models */,
				3F07C2BB1B45B261006230C1 /* TableCells */,
				3F07C2B71B45B139006230C1 /* Controllers */,
				3F07C2B21B45ADA4006230C1 /* Media */,
				3FB108FB1B41F9B20077B05E /* AppDelegate.h */,
				3FB108FC1B41F9B20077B05E /* AppDelegate.m */,
				3FB109041B41F9B20077B05E /* Images.xcassets */,
				3F6146211B4327E700FB43EB /* Main.storyboard */,
				3FB109061B41F9B20077B05E /* LaunchScreen.xib */,
				3FB108F71B41F9B20077B05E /* Supporting Files */,
			);
			path = "iOS-Vote";
			sourceTree = "<group>";
		};
		3FB108F71B41F9B20077B05E /* Supporting Files */ = {
			isa = PBXGroup;
			children = (
				3FB108F81B41F9B20077B05E /* Info.plist */,
				3FB108F91B41F9B20077B05E /* main.m */,
			);
			name = "Supporting Files";
			sourceTree = "<group>";
		};
		3FB109101B41F9B30077B05E /* iOS-VoteTests */ = {
			isa = PBXGroup;
			children = (
				3FB109131B41F9B30077B05E /* iOS_VoteTests.m */,
				3FB109111B41F9B30077B05E /* Supporting Files */,
			);
			path = "iOS-VoteTests";
			sourceTree = "<group>";
		};
		3FB109111B41F9B30077B05E /* Supporting Files */ = {
			isa = PBXGroup;
			children = (
				3FB109121B41F9B30077B05E /* Info.plist */,
			);
			name = "Supporting Files";
			sourceTree = "<group>";
		};
/* End PBXGroup section */

/* Begin PBXNativeTarget section */
		3FB108F31B41F9B20077B05E /* iOS-Vote */ = {
			isa = PBXNativeTarget;
			buildConfigurationList = 3FB109171B41F9B30077B05E /* Build configuration list for PBXNativeTarget "iOS-Vote" */;
			buildPhases = (
				3FB108F01B41F9B20077B05E /* Sources */,
				3FB108F11B41F9B20077B05E /* Frameworks */,
				3FB108F21B41F9B20077B05E /* Resources */,
			);
			buildRules = (
			);
			dependencies = (
			);
			name = "iOS-Vote";
			productName = "iOS-Vote";
			productReference = 3FB108F41B41F9B20077B05E /* iOS-Vote.app */;
			productType = "com.apple.product-type.application";
		};
		3FB1090C1B41F9B30077B05E /* iOS-VoteTests */ = {
			isa = PBXNativeTarget;
			buildConfigurationList = 3FB1091A1B41F9B30077B05E /* Build configuration list for PBXNativeTarget "iOS-VoteTests" */;
			buildPhases = (
				3FB109091B41F9B30077B05E /* Sources */,
				3FB1090A1B41F9B30077B05E /* Frameworks */,
				3FB1090B1B41F9B30077B05E /* Resources */,
			);
			buildRules = (
			);
			dependencies = (
				3FB1090F1B41F9B30077B05E /* PBXTargetDependency */,
			);
			name = "iOS-VoteTests";
			productName = "iOS-VoteTests";
			productReference = 3FB1090D1B41F9B30077B05E /* iOS-VoteTests.xctest */;
			productType = "com.apple.product-type.bundle.unit-test";
		};
/* End PBXNativeTarget section */

/* Begin PBXProject section */
		3FB108EC1B41F9B20077B05E /* Project object */ = {
			isa = PBXProject;
			attributes = {
				LastUpgradeCheck = 0610;
				ORGANIZATIONNAME = wrv;
				TargetAttributes = {
					3FB108F31B41F9B20077B05E = {
						CreatedOnToolsVersion = 6.1;
					};
					3FB1090C1B41F9B30077B05E = {
						CreatedOnToolsVersion = 6.1;
						TestTargetID = 3FB108F31B41F9B20077B05E;
					};
				};
			};
			buildConfigurationList = 3FB108EF1B41F9B20077B05E /* Build configuration list for PBXProject "iOS-Vote" */;
			compatibilityVersion = "Xcode 3.2";
			developmentRegion = English;
			hasScannedForEncodings = 0;
			knownRegions = (
				en,
				Base,
			);
			mainGroup = 3FB108EB1B41F9B20077B05E;
			productRefGroup = 3FB108F51B41F9B20077B05E /* Products */;
			projectDirPath = "";
			projectRoot = "";
			targets = (
				3FB108F31B41F9B20077B05E /* iOS-Vote */,
				3FB1090C1B41F9B30077B05E /* iOS-VoteTests */,
			);
		};
/* End PBXProject section */

/* Begin PBXResourcesBuildPhase section */
		3FB108F21B41F9B20077B05E /* Resources */ = {
			isa = PBXResourcesBuildPhase;
			buildActionMask = 2147483647;
			files = (
				3F07C2B41B45ADC0006230C1 /* user1.png in Resources */,
				3F6146231B4327E700FB43EB /* Main.storyboard in Resources */,
				3FB109081B41F9B20077B05E /* LaunchScreen.xib in Resources */,
				3FB109051B41F9B20077B05E /* Images.xcassets in Resources */,
				3F07C2B61B45B014006230C1 /* mexico_640.png in Resources */,
			);
			runOnlyForDeploymentPostprocessing = 0;
		};
		3FB1090B1B41F9B30077B05E /* Resources */ = {
			isa = PBXResourcesBuildPhase;
			buildActionMask = 2147483647;
			files = (
			);
			runOnlyForDeploymentPostprocessing = 0;
		};
/* End PBXResourcesBuildPhase section */

/* Begin PBXSourcesBuildPhase section */
		3FB108F01B41F9B20077B05E /* Sources */ = {
			isa = PBXSourcesBuildPhase;
			buildActionMask = 2147483647;
			files = (
				3F07C2BF1B45B2BE006230C1 /* CandidateDetailCell.m in Sources */,
				3FB109001B41F9B20077B05E /* ViewController.m in Sources */,
				3FB108FD1B41F9B20077B05E /* AppDelegate.m in Sources */,
				3FB108FA1B41F9B20077B05E /* main.m in Sources */,
				3F61461D1B4321B400FB43EB /* VotingViewController.m in Sources */,
				3F62C2211B6821EC00F572BD /* GMPInt.m in Sources */,
				3F01416B1B6842E10026FE42 /* AteWrapper.m in Sources */,
				3F07C2BA1B45B19C006230C1 /* ElectionDetailViewController.m in Sources */,
				3F6146201B4324F100FB43EB /* ToastView.m in Sources */,
				3F58D60A1B44856900E2189C /* ElectionDetailCell.m in Sources */,
			);
			runOnlyForDeploymentPostprocessing = 0;
		};
		3FB109091B41F9B30077B05E /* Sources */ = {
			isa = PBXSourcesBuildPhase;
			buildActionMask = 2147483647;
			files = (
				3FB109141B41F9B30077B05E /* iOS_VoteTests.m in Sources */,
			);
			runOnlyForDeploymentPostprocessing = 0;
		};
/* End PBXSourcesBuildPhase section */

/* Begin PBXTargetDependency section */
		3FB1090F1B41F9B30077B05E /* PBXTargetDependency */ = {
			isa = PBXTargetDependency;
			target = 3FB108F31B41F9B20077B05E /* iOS-Vote */;
			targetProxy = 3FB1090E1B41F9B30077B05E /* PBXContainerItemProxy */;
		};
/* End PBXTargetDependency section */

/* Begin PBXVariantGroup section */
		3F6146211B4327E700FB43EB /* Main.storyboard */ = {
			isa = PBXVariantGroup;
			children = (
				3F6146221B4327E700FB43EB /* Base */,
			);
			name = Main.storyboard;
			sourceTree = "<group>";
		};
		3FB109061B41F9B20077B05E /* LaunchScreen.xib */ = {
			isa = PBXVariantGroup;
			children = (
				3FB109071B41F9B20077B05E /* Base */,
			);
			name = LaunchScreen.xib;
			sourceTree = "<group>";
		};
/* End PBXVariantGroup section */

/* Begin XCBuildConfiguration section */
		3FB109151B41F9B30077B05E /* Debug */ = {
			isa = XCBuildConfiguration;
			buildSettings = {
				ALWAYS_SEARCH_USER_PATHS = NO;
				CLANG_CXX_LANGUAGE_STANDARD = "gnu++0x";
				CLANG_CXX_LIBRARY = "libc++";
				CLANG_ENABLE_MODULES = YES;
				CLANG_ENABLE_OBJC_ARC = YES;
				CLANG_WARN_BOOL_CONVERSION = YES;
				CLANG_WARN_CONSTANT_CONVERSION = YES;
				CLANG_WARN_DIRECT_OBJC_ISA_USAGE = YES_ERROR;
				CLANG_WARN_EMPTY_BODY = YES;
				CLANG_WARN_ENUM_CONVERSION = YES;
				CLANG_WARN_INT_CONVERSION = YES;
				CLANG_WARN_OBJC_ROOT_CLASS = YES_ERROR;
				CLANG_WARN_UNREACHABLE_CODE = YES;
				CLANG_WARN__DUPLICATE_METHOD_MATCH = YES;
				"CODE_SIGN_IDENTITY[sdk=iphoneos*]" = "iPhone Developer";
				COPY_PHASE_STRIP = NO;
				ENABLE_STRICT_OBJC_MSGSEND = YES;
				GCC_C_LANGUAGE_STANDARD = c99;
				GCC_DYNAMIC_NO_PIC = NO;
				GCC_INCREASE_PRECOMPILED_HEADER_SHARING = NO;
				GCC_INPUT_FILETYPE = automatic;
				GCC_OPTIMIZATION_LEVEL = 0;
				GCC_PREPROCESSOR_DEFINITIONS = (
					"DEBUG=1",
					"$(inherited)",
				);
				GCC_SYMBOLS_PRIVATE_EXTERN = NO;
				GCC_WARN_64_TO_32_BIT_CONVERSION = YES;
				GCC_WARN_ABOUT_RETURN_TYPE = YES_ERROR;
				GCC_WARN_UNDECLARED_SELECTOR = YES;
				GCC_WARN_UNINITIALIZED_AUTOS = YES_AGGRESSIVE;
				GCC_WARN_UNUSED_FUNCTION = YES;
				GCC_WARN_UNUSED_VARIABLE = YES;
				HEADER_SEARCH_PATHS = (
					"$(inherited)",
					/Applications/Xcode.app/Contents/Developer/Toolchains/XcodeDefault.xctoolchain/usr/include/,
				);
				IPHONEOS_DEPLOYMENT_TARGET = 8.1;
				MTL_ENABLE_DEBUG_INFO = YES;
				ONLY_ACTIVE_ARCH = YES;
				SCAN_ALL_SOURCE_FILES_FOR_INCLUDES = YES;
				SDKROOT = iphoneos;
				TARGETED_DEVICE_FAMILY = "1,2";
			};
			name = Debug;
		};
		3FB109161B41F9B30077B05E /* Release */ = {
			isa = XCBuildConfiguration;
			buildSettings = {
				ALWAYS_SEARCH_USER_PATHS = NO;
				CLANG_CXX_LANGUAGE_STANDARD = "gnu++0x";
				CLANG_CXX_LIBRARY = "libc++";
				CLANG_ENABLE_MODULES = YES;
				CLANG_ENABLE_OBJC_ARC = YES;
				CLANG_WARN_BOOL_CONVERSION = YES;
				CLANG_WARN_CONSTANT_CONVERSION = YES;
				CLANG_WARN_DIRECT_OBJC_ISA_USAGE = YES_ERROR;
				CLANG_WARN_EMPTY_BODY = YES;
				CLANG_WARN_ENUM_CONVERSION = YES;
				CLANG_WARN_INT_CONVERSION = YES;
				CLANG_WARN_OBJC_ROOT_CLASS = YES_ERROR;
				CLANG_WARN_UNREACHABLE_CODE = YES;
				CLANG_WARN__DUPLICATE_METHOD_MATCH = YES;
				"CODE_SIGN_IDENTITY[sdk=iphoneos*]" = "iPhone Developer";
				COPY_PHASE_STRIP = YES;
				ENABLE_NS_ASSERTIONS = NO;
				ENABLE_STRICT_OBJC_MSGSEND = YES;
				GCC_C_LANGUAGE_STANDARD = c99;
				GCC_INCREASE_PRECOMPILED_HEADER_SHARING = NO;
				GCC_INPUT_FILETYPE = automatic;
				GCC_WARN_64_TO_32_BIT_CONVERSION = YES;
				GCC_WARN_ABOUT_RETURN_TYPE = YES_ERROR;
				GCC_WARN_UNDECLARED_SELECTOR = YES;
				GCC_WARN_UNINITIALIZED_AUTOS = YES_AGGRESSIVE;
				GCC_WARN_UNUSED_FUNCTION = YES;
				GCC_WARN_UNUSED_VARIABLE = YES;
				HEADER_SEARCH_PATHS = (
					"$(inherited)",
					/Applications/Xcode.app/Contents/Developer/Toolchains/XcodeDefault.xctoolchain/usr/include/,
				);
				IPHONEOS_DEPLOYMENT_TARGET = 8.1;
				MTL_ENABLE_DEBUG_INFO = NO;
				SCAN_ALL_SOURCE_FILES_FOR_INCLUDES = YES;
				SDKROOT = iphoneos;
				TARGETED_DEVICE_FAMILY = "1,2";
				VALIDATE_PRODUCT = YES;
			};
			name = Release;
		};
		3FB109181B41F9B30077B05E /* Debug */ = {
			isa = XCBuildConfiguration;
			buildSettings = {
				ASSETCATALOG_COMPILER_APPICON_NAME = AppIcon;
				INFOPLIST_FILE = "iOS-Vote/Info.plist";
				LD_RUNPATH_SEARCH_PATHS = "$(inherited) @executable_path/Frameworks";
				LIBRARY_SEARCH_PATHS = (
					"$(inherited)",
					"$(PROJECT_DIR)/iOS-Vote/gmp",
					"$(PROJECT_DIR)/iOS-Vote/libs/gmp",
					"$(PROJECT_DIR)/iOS-Vote/libs",
				);
				PRODUCT_NAME = "$(TARGET_NAME)";
			};
			name = Debug;
		};
		3FB109191B41F9B30077B05E /* Release */ = {
			isa = XCBuildConfiguration;
			buildSettings = {
				ASSETCATALOG_COMPILER_APPICON_NAME = AppIcon;
				INFOPLIST_FILE = "iOS-Vote/Info.plist";
				LD_RUNPATH_SEARCH_PATHS = "$(inherited) @executable_path/Frameworks";
				LIBRARY_SEARCH_PATHS = (
					"$(inherited)",
					"$(PROJECT_DIR)/iOS-Vote/gmp",
					"$(PROJECT_DIR)/iOS-Vote/libs/gmp",
					"$(PROJECT_DIR)/iOS-Vote/libs",
				);
				PRODUCT_NAME = "$(TARGET_NAME)";
			};
			name = Release;
		};
		3FB1091B1B41F9B30077B05E /* Debug */ = {
			isa = XCBuildConfiguration;
			buildSettings = {
				BUNDLE_LOADER = "$(TEST_HOST)";
				FRAMEWORK_SEARCH_PATHS = (
					"$(SDKROOT)/Developer/Library/Frameworks",
					"$(inherited)",
				);
				GCC_PREPROCESSOR_DEFINITIONS = (
					"DEBUG=1",
					"$(inherited)",
				);
				INFOPLIST_FILE = "iOS-VoteTests/Info.plist";
				LD_RUNPATH_SEARCH_PATHS = "$(inherited) @executable_path/Frameworks @loader_path/Frameworks";
				PRODUCT_NAME = "$(TARGET_NAME)";
				TEST_HOST = "$(BUILT_PRODUCTS_DIR)/iOS-Vote.app/iOS-Vote";
			};
			name = Debug;
		};
		3FB1091C1B41F9B30077B05E /* Release */ = {
			isa = XCBuildConfiguration;
			buildSettings = {
				BUNDLE_LOADER = "$(TEST_HOST)";
				FRAMEWORK_SEARCH_PATHS = (
					"$(SDKROOT)/Developer/Library/Frameworks",
					"$(inherited)",
				);
				INFOPLIST_FILE = "iOS-VoteTests/Info.plist";
				LD_RUNPATH_SEARCH_PATHS = "$(inherited) @executable_path/Frameworks @loader_path/Frameworks";
				PRODUCT_NAME = "$(TARGET_NAME)";
				TEST_HOST = "$(BUILT_PRODUCTS_DIR)/iOS-Vote.app/iOS-Vote";
			};
			name = Release;
		};
/* End XCBuildConfiguration section */

/* Begin XCConfigurationList section */
		3FB108EF1B41F9B20077B05E /* Build configuration list for PBXProject "iOS-Vote" */ = {
			isa = XCConfigurationList;
			buildConfigurations = (
				3FB109151B41F9B30077B05E /* Debug */,
				3FB109161B41F9B30077B05E /* Release */,
			);
			defaultConfigurationIsVisible = 0;
			defaultConfigurationName = Release;
		};
		3FB109171B41F9B30077B05E /* Build configuration list for PBXNativeTarget "iOS-Vote" */ = {
			isa = XCConfigurationList;
			buildConfigurations = (
				3FB109181B41F9B30077B05E /* Debug */,
				3FB109191B41F9B30077B05E /* Release */,
			);
			defaultConfigurationIsVisible = 0;
			defaultConfigurationName = Release;
		};
		3FB1091A1B41F9B30077B05E /* Build configuration list for PBXNativeTarget "iOS-VoteTests" */ = {
			isa = XCConfigurationList;
			buildConfigurations = (
				3FB1091B1B41F9B30077B05E /* Debug */,
				3FB1091C1B41F9B30077B05E /* Release */,
			);
			defaultConfigurationIsVisible = 0;
			defaultConfigurationName = Release;
		};
/* End XCConfigurationList section */
	};
	rootObject = 3FB108EC1B41F9B20077B05E /* Project object */;
}
